
Microsoft Visual Studio Solution File, Format Version 12.00
# Visual Studio Version 16
VisualStudioVersion = 16.0.31105.61
MinimumVisualStudioVersion = 10.0.40219.1
Project("{FAE04EC0-301F-11D3-BF4B-00C04F79EFBC}") = "spmedgpAPI", "spmedgpAPI\spmedgpAPI.csproj", "{629B3E1A-B615-45AA-A089-09C8862E8DEA}"
EndProject
Global
	GlobalSection(SolutionConfigurationPlatforms) = preSolution
		Debug|Any CPU = Debug|Any CPU
		Release|Any CPU = Release|Any CPU
	EndGlobalSection
	GlobalSection(ProjectConfigurationPlatforms) = postSolution
		{629B3E1A-B615-45AA-A089-09C8862E8DEA}.Debug|Any CPU.ActiveCfg = Debug|Any CPU
		{629B3E1A-B615-45AA-A089-09C8862E8DEA}.Debug|Any CPU.Build.0 = Debug|Any CPU
		{629B3E1A-B615-45AA-A089-09C8862E8DEA}.Release|Any CPU.ActiveCfg = Release|Any CPU
		{629B3E1A-B615-45AA-A089-09C8862E8DEA}.Release|Any CPU.Build.0 = Release|Any CPU
	EndGlobalSection
	GlobalSection(SolutionProperties) = preSolution
		HideSolutionNode = FALSE
	EndGlobalSection
	GlobalSection(ExtensibilityGlobals) = postSolution
		SolutionGuid = {DAFBA239-1FFA-4D7B-B202-3596EBAFC9A9}
	EndGlobalSection
EndGlobal
