
Microsoft Visual Studio Solution File, Format Version 12.00
# Visual Studio Version 16
VisualStudioVersion = 16.0.31105.61
MinimumVisualStudioVersion = 10.0.40219.1
Project("{FAE04EC0-301F-11D3-BF4B-00C04F79EFBC}") = "SpMedGroupR1", "SpMedGroupR1\SpMedGroupR1.csproj", "{DFF89803-75C8-4B5C-AFD8-5BAB8754694B}"
EndProject
Global
	GlobalSection(SolutionConfigurationPlatforms) = preSolution
		Debug|Any CPU = Debug|Any CPU
		Release|Any CPU = Release|Any CPU
	EndGlobalSection
	GlobalSection(ProjectConfigurationPlatforms) = postSolution
		{DFF89803-75C8-4B5C-AFD8-5BAB8754694B}.Debug|Any CPU.ActiveCfg = Debug|Any CPU
		{DFF89803-75C8-4B5C-AFD8-5BAB8754694B}.Debug|Any CPU.Build.0 = Debug|Any CPU
		{DFF89803-75C8-4B5C-AFD8-5BAB8754694B}.Release|Any CPU.ActiveCfg = Release|Any CPU
		{DFF89803-75C8-4B5C-AFD8-5BAB8754694B}.Release|Any CPU.Build.0 = Release|Any CPU
	EndGlobalSection
	GlobalSection(SolutionProperties) = preSolution
		HideSolutionNode = FALSE
	EndGlobalSection
	GlobalSection(ExtensibilityGlobals) = postSolution
		SolutionGuid = {99B0EDEC-DF8C-4E49-B4F6-59495DD407BB}
	EndGlobalSection
EndGlobal
